Microsoft Visual Studio Solution File, Format Version 12.00
# Visual Studio Version 17
VisualStudioVersion = 17.5.2.0
MinimumVisualStudioVersion = 10.0.40219.1
Project("{FAE04EC0-301F-11D3-BF4B-00C04F79EFBC}") = "CryptoRealtimePrice", "CryptoRealtimePrice.csproj", "{BBDEF2EC-A77D-64E1-3535-85C2CAC8DE1D}"
EndProject
Global
	GlobalSection(SolutionConfigurationPlatforms) = preSolution
		Debug|Any CPU = Debug|Any CPU
		Release|Any CPU = Release|Any CPU
	EndGlobalSection
	GlobalSection(ProjectConfigurationPlatforms) = postSolution
		{BBDEF2EC-A77D-64E1-3535-85C2CAC8DE1D}.Debug|Any CPU.ActiveCfg = Debug|Any CPU
		{BBDEF2EC-A77D-64E1-3535-85C2CAC8DE1D}.Debug|Any CPU.Build.0 = Debug|Any CPU
		{BBDEF2EC-A77D-64E1-3535-85C2CAC8DE1D}.Release|Any CPU.ActiveCfg = Release|Any CPU
		{BBDEF2EC-A77D-64E1-3535-85C2CAC8DE1D}.Release|Any CPU.Build.0 = Release|Any CPU
	EndGlobalSection
	GlobalSection(SolutionProperties) = preSolution
		HideSolutionNode = FALSE
	EndGlobalSection
	GlobalSection(ExtensibilityGlobals) = postSolution
		SolutionGuid = {295071C9-54DC-4ECC-A393-6ACC7F1A97AE}
	EndGlobalSection
EndGlobal
